
Microsoft Visual Studio Solution File, Format Version 12.00
# Visual Studio Version 16
VisualStudioVersion = 16.0.31515.178
MinimumVisualStudioVersion = 10.0.40219.1
Project("{FAE04EC0-301F-11D3-BF4B-00C04F79EFBC}") = "FilmService", "FilmService\FilmService.csproj", "{3C77C6A6-62C3-422A-84B4-E9B724DF614B}"
EndProject
Project("{FAE04EC0-301F-11D3-BF4B-00C04F79EFBC}") = "FilmUtility", "FilmUtility\FilmUtility.csproj", "{54B31F4E-6EEF-4FDF-8AAC-603AB61D6CBB}"
EndProject
Global
	GlobalSection(SolutionConfigurationPlatforms) = preSolution
		Debug|Any CPU = Debug|Any CPU
		Release|Any CPU = Release|Any CPU
	EndGlobalSection
	GlobalSection(ProjectConfigurationPlatforms) = postSolution
		{3C77C6A6-62C3-422A-84B4-E9B724DF614B}.Debug|Any CPU.ActiveCfg = Debug|Any CPU
		{3C77C6A6-62C3-422A-84B4-E9B724DF614B}.Debug|Any CPU.Build.0 = Debug|Any CPU
		{3C77C6A6-62C3-422A-84B4-E9B724DF614B}.Release|Any CPU.ActiveCfg = Release|Any CPU
		{3C77C6A6-62C3-422A-84B4-E9B724DF614B}.Release|Any CPU.Build.0 = Release|Any CPU
		{54B31F4E-6EEF-4FDF-8AAC-603AB61D6CBB}.Debug|Any CPU.ActiveCfg = Debug|Any CPU
		{54B31F4E-6EEF-4FDF-8AAC-603AB61D6CBB}.Debug|Any CPU.Build.0 = Debug|Any CPU
		{54B31F4E-6EEF-4FDF-8AAC-603AB61D6CBB}.Release|Any CPU.ActiveCfg = Release|Any CPU
		{54B31F4E-6EEF-4FDF-8AAC-603AB61D6CBB}.Release|Any CPU.Build.0 = Release|Any CPU
	EndGlobalSection
	GlobalSection(SolutionProperties) = preSolution
		HideSolutionNode = FALSE
	EndGlobalSection
	GlobalSection(ExtensibilityGlobals) = postSolution
		SolutionGuid = {4D3536E9-4250-422C-854F-2862E56441D6}
	EndGlobalSection
EndGlobal
